
Microsoft Visual Studio Solution File, Format Version 12.00
# Visual Studio Version 16
VisualStudioVersion = 16.0.31410.357
MinimumVisualStudioVersion = 10.0.40219.1
Project("{FAE04EC0-301F-11D3-BF4B-00C04F79EFBC}") = "WindowsAppWinContainer", "WindowsAppWinContainer.csproj", "{804570DD-BB2C-4D72-B74D-9E158DEB56EE}"
EndProject
Global
	GlobalSection(SolutionConfigurationPlatforms) = preSolution
		Debug|Any CPU = Debug|Any CPU
		Release|Any CPU = Release|Any CPU
	EndGlobalSection
	GlobalSection(ProjectConfigurationPlatforms) = postSolution
		{804570DD-BB2C-4D72-B74D-9E158DEB56EE}.Debug|Any CPU.ActiveCfg = Debug|Any CPU
		{804570DD-BB2C-4D72-B74D-9E158DEB56EE}.Debug|Any CPU.Build.0 = Debug|Any CPU
		{804570DD-BB2C-4D72-B74D-9E158DEB56EE}.Release|Any CPU.ActiveCfg = Release|Any CPU
		{804570DD-BB2C-4D72-B74D-9E158DEB56EE}.Release|Any CPU.Build.0 = Release|Any CPU
	EndGlobalSection
	GlobalSection(SolutionProperties) = preSolution
		HideSolutionNode = FALSE
	EndGlobalSection
	GlobalSection(ExtensibilityGlobals) = postSolution
		SolutionGuid = {CEE1750A-6535-4746-A605-4798478323E9}
	EndGlobalSection
EndGlobal
